
Microsoft Visual Studio Solution File, Format Version 12.00
# Visual Studio 2012
Project("{FAE04EC0-301F-11D3-BF4B-00C04F79EFBC}") = "paging", "paging\paging.csproj", "{9E73B777-DDF7-4872-90D5-6F825F8A7C6A}"
EndProject
Global
	GlobalSection(SolutionConfigurationPlatforms) = preSolution
		Debug|Any CPU = Debug|Any CPU
		Release|Any CPU = Release|Any CPU
	EndGlobalSection
	GlobalSection(ProjectConfigurationPlatforms) = postSolution
		{9E73B777-DDF7-4872-90D5-6F825F8A7C6A}.Debug|Any CPU.ActiveCfg = Debug|Any CPU
		{9E73B777-DDF7-4872-90D5-6F825F8A7C6A}.Debug|Any CPU.Build.0 = Debug|Any CPU
		{9E73B777-DDF7-4872-90D5-6F825F8A7C6A}.Release|Any CPU.ActiveCfg = Release|Any CPU
		{9E73B777-DDF7-4872-90D5-6F825F8A7C6A}.Release|Any CPU.Build.0 = Release|Any CPU
	EndGlobalSection
	GlobalSection(SolutionProperties) = preSolution
		HideSolutionNode = FALSE
	EndGlobalSection
EndGlobal
